
Microsoft Visual Studio Solution File, Format Version 12.00
# Visual Studio 2013
Project("{FAE04EC0-301F-11D3-BF4B-00C04F79EFBC}") = "ControlledAssault.CSharp", "ControlledAssault.CSharp.csproj", "{D05C4B9B-D60F-2142-061F-F15BF075F0C0}"
EndProject
Global
	GlobalSection(SolutionConfigurationPlatforms) = preSolution
		Debug|Any CPU = Debug|Any CPU
		Release|Any CPU = Release|Any CPU
	EndGlobalSection
	GlobalSection(ProjectConfigurationPlatforms) = postSolution
		{D05C4B9B-D60F-2142-061F-F15BF075F0C0}.Debug|Any CPU.ActiveCfg = Debug|Any CPU
		{D05C4B9B-D60F-2142-061F-F15BF075F0C0}.Debug|Any CPU.Build.0 = Debug|Any CPU
		{D05C4B9B-D60F-2142-061F-F15BF075F0C0}.Release|Any CPU.ActiveCfg = Release|Any CPU
		{D05C4B9B-D60F-2142-061F-F15BF075F0C0}.Release|Any CPU.Build.0 = Release|Any CPU
	EndGlobalSection
	GlobalSection(SolutionProperties) = preSolution
		HideSolutionNode = FALSE
	EndGlobalSection
EndGlobal
